
Microsoft Visual Studio Solution File, Format Version 12.00
# Visual Studio Version 17
VisualStudioVersion = 17.3.32819.101
MinimumVisualStudioVersion = 10.0.40219.1
Project("{FAE04EC0-301F-11D3-BF4B-00C04F79EFBC}") = "WpfApp2", "WpfApp2.csproj", "{BC16E798-253D-4A10-9113-D6CA3E8F9844}"
EndProject
Global
	GlobalSection(SolutionConfigurationPlatforms) = preSolution
		Debug|Any CPU = Debug|Any CPU
		Release|Any CPU = Release|Any CPU
	EndGlobalSection
	GlobalSection(ProjectConfigurationPlatforms) = postSolution
		{BC16E798-253D-4A10-9113-D6CA3E8F9844}.Debug|Any CPU.ActiveCfg = Debug|Any CPU
		{BC16E798-253D-4A10-9113-D6CA3E8F9844}.Debug|Any CPU.Build.0 = Debug|Any CPU
		{BC16E798-253D-4A10-9113-D6CA3E8F9844}.Release|Any CPU.ActiveCfg = Release|Any CPU
		{BC16E798-253D-4A10-9113-D6CA3E8F9844}.Release|Any CPU.Build.0 = Release|Any CPU
	EndGlobalSection
	GlobalSection(SolutionProperties) = preSolution
		HideSolutionNode = FALSE
	EndGlobalSection
	GlobalSection(ExtensibilityGlobals) = postSolution
		SolutionGuid = {958D6A72-877A-4F41-A2EA-E8C8153B2632}
	EndGlobalSection
EndGlobal
